
Microsoft Visual Studio Solution File, Format Version 12.00
# Visual Studio Version 17
VisualStudioVersion = 17.3.32825.248
MinimumVisualStudioVersion = 10.0.40219.1
Project("{FAE04EC0-301F-11D3-BF4B-00C04F79EFBC}") = "IWApp", "IWApp\IWApp.csproj", "{11977944-7B7A-485D-8108-CE24909571C2}"
EndProject
Global
	GlobalSection(SolutionConfigurationPlatforms) = preSolution
		Debug|Any CPU = Debug|Any CPU
		Release|Any CPU = Release|Any CPU
	EndGlobalSection
	GlobalSection(ProjectConfigurationPlatforms) = postSolution
		{11977944-7B7A-485D-8108-CE24909571C2}.Debug|Any CPU.ActiveCfg = Debug|Any CPU
		{11977944-7B7A-485D-8108-CE24909571C2}.Debug|Any CPU.Build.0 = Debug|Any CPU
		{11977944-7B7A-485D-8108-CE24909571C2}.Release|Any CPU.ActiveCfg = Release|Any CPU
		{11977944-7B7A-485D-8108-CE24909571C2}.Release|Any CPU.Build.0 = Release|Any CPU
	EndGlobalSection
	GlobalSection(SolutionProperties) = preSolution
		HideSolutionNode = FALSE
	EndGlobalSection
	GlobalSection(ExtensibilityGlobals) = postSolution
		SolutionGuid = {33F33644-1741-48A8-B7A9-1AC4150D4D94}
	EndGlobalSection
EndGlobal
